
Microsoft Visual Studio Solution File, Format Version 12.00
# Visual Studio Version 17
VisualStudioVersion = 17.11.35222.181
MinimumVisualStudioVersion = 10.0.40219.1
Project("{8BC9CEB8-8B4A-11D0-8D11-00A0C91BC942}") = "CSC 221 Initial Program", "CSC 221 Initial Program.vcxproj", "{3C8D9ECA-5737-4219-9DB3-0DA1ED8F2194}"
EndProject
Global
	GlobalSection(SolutionConfigurationPlatforms) = preSolution
		Debug|x64 = Debug|x64
		Debug|x86 = Debug|x86
		Release|x64 = Release|x64
		Release|x86 = Release|x86
	EndGlobalSection
	GlobalSection(ProjectConfigurationPlatforms) = postSolution
		{3C8D9ECA-5737-4219-9DB3-0DA1ED8F2194}.Debug|x64.ActiveCfg = Debug|x64
		{3C8D9ECA-5737-4219-9DB3-0DA1ED8F2194}.Debug|x64.Build.0 = Debug|x64
		{3C8D9ECA-5737-4219-9DB3-0DA1ED8F2194}.Debug|x86.ActiveCfg = Debug|Win32
		{3C8D9ECA-5737-4219-9DB3-0DA1ED8F2194}.Debug|x86.Build.0 = Debug|Win32
		{3C8D9ECA-5737-4219-9DB3-0DA1ED8F2194}.Release|x64.ActiveCfg = Release|x64
		{3C8D9ECA-5737-4219-9DB3-0DA1ED8F2194}.Release|x64.Build.0 = Release|x64
		{3C8D9ECA-5737-4219-9DB3-0DA1ED8F2194}.Release|x86.ActiveCfg = Release|Win32
		{3C8D9ECA-5737-4219-9DB3-0DA1ED8F2194}.Release|x86.Build.0 = Release|Win32
	EndGlobalSection
	GlobalSection(SolutionProperties) = preSolution
		HideSolutionNode = FALSE
	EndGlobalSection
	GlobalSection(ExtensibilityGlobals) = postSolution
		SolutionGuid = {DABDC53E-1700-4456-95FE-2159F7D1BC4B}
	EndGlobalSection
EndGlobal
